// !$*UTF8*$!
{
	archiveVersion = 1;
	classes = {
	};
	objectVersion = 50;
	objects = {

/* Begin PBXBuildFile section */
		CC1E601B25A996B100C5D27F /* AppDelegate.swift in Sources */ = {isa = PBXBuildFile; fileRef = CC1E601A25A996B100C5D27F /* AppDelegate.swift */; };
		CC1E601D25A996B100C5D27F /* SceneDelegate.swift in Sources */ = {isa = PBXBuildFile; fileRef = CC1E601C25A996B100C5D27F /* SceneDelegate.swift */; };
		CC1E601F25A996B100C5D27F /* ViewController.swift in Sources */ = {isa = PBXBuildFile; fileRef = CC1E601E25A996B100C5D27F /* ViewController.swift */; };
		CC1E602225A996B100C5D27F /* Main.storyboard in Resources */ = {isa = PBXBuildFile; fileRef = CC1E602025A996B100C5D27F /* Main.storyboard */; };
		CC1E602525A996B100C5D27F /* CoreDataPlease.xcdatamodeld in Sources */ = {isa = PBXBuildFile; fileRef = CC1E602325A996B100C5D27F /* CoreDataPlease.xcdatamodeld */; };
		CC1E602725A996B200C5D27F /* Assets.xcassets in Resources */ = {isa = PBXBuildFile; fileRef = CC1E602625A996B200C5D27F /* Assets.xcassets */; };
		CC1E602A25A996B200C5D27F /* LaunchScreen.storyboard in Resources */ = {isa = PBXBuildFile; fileRef = CC1E602825A996B200C5D27F /* LaunchScreen.storyboard */; };
		CC1E603425A997D200C5D27F /* Plant+CoreDataClass.swift in Sources */ = {isa = PBXBuildFile; fileRef = CC1E603225A997D200C5D27F /* Plant+CoreDataClass.swift */; };
/* End PBXBuildFile section */

/* Begin PBXFileReference section */
		CC1E601725A996B100C5D27F /* CoreDataPlease.app */ = {isa = PBXFileReference; explicitFileType = wrapper.application; includeInIndex = 0; path = CoreDataPlease.app; sourceTree = BUILT_PRODUCTS_DIR; };
		CC1E601A25A996B100C5D27F /* AppDelegate.swift */ = {isa = PBXFileReference; lastKnownFileType = sourcecode.swift; path = AppDelegate.swift; sourceTree = "<group>"; };
		CC1E601C25A996B100C5D27F /* SceneDelegate.swift */ = {isa = PBXFileReference; lastKnownFileType = sourcecode.swift; path = SceneDelegate.swift; sourceTree = "<group>"; };
		CC1E601E25A996B100C5D27F /* ViewController.swift */ = {isa = PBXFileReference; lastKnownFileType = sourcecode.swift; path = ViewController.swift; sourceTree = "<group>"; };
		CC1E602125A996B100C5D27F /* Base */ = {isa = PBXFileReference; lastKnownFileType = file.storyboard; name = Base; path = Base.lproj/Main.storyboard; sourceTree = "<group>"; };
		CC1E602425A996B100C5D27F /* CoreDataPlease.xcdatamodel */ = {isa = PBXFileReference; lastKnownFileType = wrapper.xcdatamodel; path = CoreDataPlease.xcdatamodel; sourceTree = "<group>"; };
		CC1E602625A996B200C5D27F /* Assets.xcassets */ = {isa = PBXFileReference; lastKnownFileType = folder.assetcatalog; path = Assets.xcassets; sourceTree = "<group>"; };
		CC1E602925A996B200C5D27F /* Base */ = {isa = PBXFileReference; lastKnownFileType = file.storyboard; name = Base; path = Base.lproj/LaunchScreen.storyboard; sourceTree = "<group>"; };
		CC1E602B25A996B200C5D27F /* Info.plist */ = {isa = PBXFileReference; lastKnownFileType = text.plist.xml; path = Info.plist; sourceTree = "<group>"; };
		CC1E603225A997D200C5D27F /* Plant+CoreDataClass.swift */ = {isa = PBXFileReference; lastKnownFileType = sourcecode.swift; path = "Plant+CoreDataClass.swift"; sourceTree = "<group>"; };
/* End PBXFileReference section */

/* Begin PBXFrameworksBuildPhase section */
		CC1E601425A996B100C5D27F /* Frameworks */ = {
			isa = PBXFrameworksBuildPhase;
			buildActionMask = 2147483647;
			files = (
			);
			runOnlyForDeploymentPostprocessing = 0;
		};
/* End PBXFrameworksBuildPhase section */

/* Begin PBXGroup section */
		CC1E600E25A996B100C5D27F = {
			isa = PBXGroup;
			children = (
				CC1E601925A996B100C5D27F /* CoreDataPlease */,
				CC1E601825A996B100C5D27F /* Products */,
			);
			sourceTree = "<group>";
		};
		CC1E601825A996B100C5D27F /* Products */ = {
			isa = PBXGroup;
			children = (
				CC1E601725A996B100C5D27F /* CoreDataPlease.app */,
			);
			name = Products;
			sourceTree = "<group>";
		};
		CC1E601925A996B100C5D27F /* CoreDataPlease */ = {
			isa = PBXGroup;
			children = (
				CC1E603725A997E800C5D27F /* DataModel */,
				CC1E601A25A996B100C5D27F /* AppDelegate.swift */,
				CC1E601C25A996B100C5D27F /* SceneDelegate.swift */,
				CC1E601E25A996B100C5D27F /* ViewController.swift */,
				CC1E602025A996B100C5D27F /* Main.storyboard */,
				CC1E602625A996B200C5D27F /* Assets.xcassets */,
				CC1E602825A996B200C5D27F /* LaunchScreen.storyboard */,
				CC1E602B25A996B200C5D27F /* Info.plist */,
				CC1E602325A996B100C5D27F /* CoreDataPlease.xcdatamodeld */,
			);
			path = CoreDataPlease;
			sourceTree = "<group>";
		};
		CC1E603725A997E800C5D27F /* DataModel */ = {
			isa = PBXGroup;
			children = (
				CC1E603225A997D200C5D27F /* Plant+CoreDataClass.swift */,
			);
			path = DataModel;
			sourceTree = "<group>";
		};
/* End PBXGroup section */

/* Begin PBXNativeTarget section */
		CC1E601625A996B100C5D27F /* CoreDataPlease */ = {
			isa = PBXNativeTarget;
			buildConfigurationList = CC1E602E25A996B200C5D27F /* Build configuration list for PBXNativeTarget "CoreDataPlease" */;
			buildPhases = (
				CC1E601325A996B100C5D27F /* Sources */,
				CC1E601425A996B100C5D27F /* Frameworks */,
				CC1E601525A996B100C5D27F /* Resources */,
			);
			buildRules = (
			);
			dependencies = (
			);
			name = CoreDataPlease;
			productName = CoreDataPlease;
			productReference = CC1E601725A996B100C5D27F /* CoreDataPlease.app */;
			productType = "com.apple.product-type.application";
		};
/* End PBXNativeTarget section */

/* Begin PBXProject section */
		CC1E600F25A996B100C5D27F /* Project object */ = {
			isa = PBXProject;
			attributes = {
				LastSwiftUpdateCheck = 1230;
				LastUpgradeCheck = 1230;
				TargetAttributes = {
					CC1E601625A996B100C5D27F = {
						CreatedOnToolsVersion = 12.3;
					};
				};
			};
			buildConfigurationList = CC1E601225A996B100C5D27F /* Build configuration list for PBXProject "CoreDataPlease" */;
			compatibilityVersion = "Xcode 9.3";
			developmentRegion = en;
			hasScannedForEncodings = 0;
			knownRegions = (
				en,
				Base,
			);
			mainGroup = CC1E600E25A996B100C5D27F;
			productRefGroup = CC1E601825A996B100C5D27F /* Products */;
			projectDirPath = "";
			projectRoot = "";
			targets = (
				CC1E601625A996B100C5D27F /* CoreDataPlease */,
			);
		};
/* End PBXProject section */

/* Begin PBXResourcesBuildPhase section */
		CC1E601525A996B100C5D27F /* Resources */ = {
			isa = PBXResourcesBuildPhase;
			buildActionMask = 2147483647;
			files = (
				CC1E602A25A996B200C5D27F /* LaunchScreen.storyboard in Resources */,
				CC1E602725A996B200C5D27F /* Assets.xcassets in Resources */,
				CC1E602225A996B100C5D27F /* Main.storyboard in Resources */,
			);
			runOnlyForDeploymentPostprocessing = 0;
		};
/* End PBXResourcesBuildPhase section */

/* Begin PBXSourcesBuildPhase section */
		CC1E601325A996B100C5D27F /* Sources */ = {
			isa = PBXSourcesBuildPhase;
			buildActionMask = 2147483647;
			files = (
				CC1E602525A996B100C5D27F /* CoreDataPlease.xcdatamodeld in Sources */,
				CC1E601F25A996B100C5D27F /* ViewController.swift in Sources */,
				CC1E601B25A996B100C5D27F /* AppDelegate.swift in Sources */,
				CC1E603425A997D200C5D27F /* Plant+CoreDataClass.swift in Sources */,
				CC1E601D25A996B100C5D27F /* SceneDelegate.swift in Sources */,
			);
			runOnlyForDeploymentPostprocessing = 0;
		};
/* End PBXSourcesBuildPhase section */

/* Begin PBXVariantGroup section */
		CC1E602025A996B100C5D27F /* Main.storyboard */ = {
			isa = PBXVariantGroup;
			children = (
				CC1E602125A996B100C5D27F /* Base */,
			);
			name = Main.storyboard;
			sourceTree = "<group>";
		};
		CC1E602825A996B200C5D27F /* LaunchScreen.storyboard */ = {
			isa = PBXVariantGroup;
			children = (
				CC1E602925A996B200C5D27F /* Base */,
			);
			name = LaunchScreen.storyboard;
			sourceTree = "<group>";
		};
/* End PBXVariantGroup section */

/* Begin XCBuildConfiguration section */
		CC1E602C25A996B200C5D27F /* Debug */ = {
			isa = XCBuildConfiguration;
			buildSettings = {
				ALWAYS_SEARCH_USER_PATHS = NO;
				CLANG_ANALYZER_NONNULL = YES;
				CLANG_ANALYZER_NUMBER_OBJECT_CONVERSION = YES_AGGRESSIVE;
				CLANG_CXX_LANGUAGE_STANDARD = "gnu++14";
				CLANG_CXX_LIBRARY = "libc++";
				CLANG_ENABLE_MODULES = YES;
				CLANG_ENABLE_OBJC_ARC = YES;
				CLANG_ENABLE_OBJC_WEAK = YES;
				CLANG_WARN_BLOCK_CAPTURE_AUTORELEASING = YES;
				CLANG_WARN_BOOL_CONVERSION = YES;
				CLANG_WARN_COMMA = YES;
				CLANG_WARN_CONSTANT_CONVERSION = YES;
				CLANG_WARN_DEPRECATED_OBJC_IMPLEMENTATIONS = YES;
				CLANG_WARN_DIRECT_OBJC_ISA_USAGE = YES_ERROR;
				CLANG_WARN_DOCUMENTATION_COMMENTS = YES;
				CLANG_WARN_EMPTY_BODY = YES;
				CLANG_WARN_ENUM_CONVERSION = YES;
				CLANG_WARN_INFINITE_RECURSION = YES;
				CLANG_WARN_INT_CONVERSION = YES;
				CLANG_WARN_NON_LITERAL_NULL_CONVERSION = YES;
				CLANG_WARN_OBJC_IMPLICIT_RETAIN_SELF = YES;
				CLANG_WARN_OBJC_LITERAL_CONVERSION = YES;
				CLANG_WARN_OBJC_ROOT_CLASS = YES_ERROR;
				CLANG_WARN_QUOTED_INCLUDE_IN_FRAMEWORK_HEADER = YES;
				CLANG_WARN_RANGE_LOOP_ANALYSIS = YES;
				CLANG_WARN_STRICT_PROTOTYPES = YES;
				CLANG_WARN_SUSPICIOUS_MOVE = YES;
				CLANG_WARN_UNGUARDED_AVAILABILITY = YES_AGGRESSIVE;
				CLANG_WARN_UNREACHABLE_CODE = YES;
				CLANG_WARN__DUPLICATE_METHOD_MATCH = YES;
				COPY_PHASE_STRIP = NO;
				DEBUG_INFORMATION_FORMAT = dwarf;
				ENABLE_STRICT_OBJC_MSGSEND = YES;
				ENABLE_TESTABILITY = YES;
				GCC_C_LANGUAGE_STANDARD = gnu11;
				GCC_DYNAMIC_NO_PIC = NO;
				GCC_NO_COMMON_BLOCKS = YES;
				GCC_OPTIMIZATION_LEVEL = 0;
				GCC_PREPROCESSOR_DEFINITIONS = (
					"DEBUG=1",
					"$(inherited)",
				);
				GCC_WARN_64_TO_32_BIT_CONVERSION = YES;
				GCC_WARN_ABOUT_RETURN_TYPE = YES_ERROR;
				GCC_WARN_UNDECLARED_SELECTOR = YES;
				GCC_WARN_UNINITIALIZED_AUTOS = YES_AGGRESSIVE;
				GCC_WARN_UNUSED_FUNCTION = YES;
				GCC_WARN_UNUSED_VARIABLE = YES;
				IPHONEOS_DEPLOYMENT_TARGET = 14.3;
				MTL_ENABLE_DEBUG_INFO = INCLUDE_SOURCE;
				MTL_FAST_MATH = YES;
				ONLY_ACTIVE_ARCH = YES;
				SDKROOT = iphoneos;
				SWIFT_ACTIVE_COMPILATION_CONDITIONS = DEBUG;
				SWIFT_OPTIMIZATION_LEVEL = "-Onone";
			};
			name = Debug;
		};
		CC1E602D25A996B200C5D27F /* Release */ = {
			isa = XCBuildConfiguration;
			buildSettings = {
				ALWAYS_SEARCH_USER_PATHS = NO;
				CLANG_ANALYZER_NONNULL = YES;
				CLANG_ANALYZER_NUMBER_OBJECT_CONVERSION = YES_AGGRESSIVE;
				CLANG_CXX_LANGUAGE_STANDARD = "gnu++14";
				CLANG_CXX_LIBRARY = "libc++";
				CLANG_ENABLE_MODULES = YES;
				CLANG_ENABLE_OBJC_ARC = YES;
				CLANG_ENABLE_OBJC_WEAK = YES;
				CLANG_WARN_BLOCK_CAPTURE_AUTORELEASING = YES;
				CLANG_WARN_BOOL_CONVERSION = YES;
				CLANG_WARN_COMMA = YES;
				CLANG_WARN_CONSTANT_CONVERSION = YES;
				CLANG_WARN_DEPRECATED_OBJC_IMPLEMENTATIONS = YES;
				CLANG_WARN_DIRECT_OBJC_ISA_USAGE = YES_ERROR;
				CLANG_WARN_DOCUMENTATION_COMMENTS = YES;
				CLANG_WARN_EMPTY_BODY = YES;
				CLANG_WARN_ENUM_CONVERSION = YES;
				CLANG_WARN_INFINITE_RECURSION = YES;
				CLANG_WARN_INT_CONVERSION = YES;
				CLANG_WARN_NON_LITERAL_NULL_CONVERSION = YES;
				CLANG_WARN_OBJC_IMPLICIT_RETAIN_SELF = YES;
				CLANG_WARN_OBJC_LITERAL_CONVERSION = YES;
				CLANG_WARN_OBJC_ROOT_CLASS = YES_ERROR;
				CLANG_WARN_QUOTED_INCLUDE_IN_FRAMEWORK_HEADER = YES;
				CLANG_WARN_RANGE_LOOP_ANALYSIS = YES;
				CLANG_WARN_STRICT_PROTOTYPES = YES;
				CLANG_WARN_SUSPICIOUS_MOVE = YES;
				CLANG_WARN_UNGUARDED_AVAILABILITY = YES_AGGRESSIVE;
				CLANG_WARN_UNREACHABLE_CODE = YES;
				CLANG_WARN__DUPLICATE_METHOD_MATCH = YES;
				COPY_PHASE_STRIP = NO;
				DEBUG_INFORMATION_FORMAT = "dwarf-with-dsym";
				ENABLE_NS_ASSERTIONS = NO;
				ENABLE_STRICT_OBJC_MSGSEND = YES;
				GCC_C_LANGUAGE_STANDARD = gnu11;
				GCC_NO_COMMON_BLOCKS = YES;
				GCC_WARN_64_TO_32_BIT_CONVERSION = YES;
				GCC_WARN_ABOUT_RETURN_TYPE = YES_ERROR;
				GCC_WARN_UNDECLARED_SELECTOR = YES;
				GCC_WARN_UNINITIALIZED_AUTOS = YES_AGGRESSIVE;
				GCC_WARN_UNUSED_FUNCTION = YES;
				GCC_WARN_UNUSED_VARIABLE = YES;
				IPHONEOS_DEPLOYMENT_TARGET = 14.3;
				MTL_ENABLE_DEBUG_INFO = NO;
				MTL_FAST_MATH = YES;
				SDKROOT = iphoneos;
				SWIFT_COMPILATION_MODE = wholemodule;
				SWIFT_OPTIMIZATION_LEVEL = "-O";
				VALIDATE_PRODUCT = YES;
			};
			name = Release;
		};
		CC1E602F25A996B200C5D27F /* Debug */ = {
			isa = XCBuildConfiguration;
			buildSettings = {
				ASSETCATALOG_COMPILER_APPICON_NAME = AppIcon;
				ASSETCATALOG_COMPILER_GLOBAL_ACCENT_COLOR_NAME = AccentColor;
				CODE_SIGN_STYLE = Automatic;
				DEVELOPMENT_TEAM = 86F3BYCLAK;
				INFOPLIST_FILE = CoreDataPlease/Info.plist;
				LD_RUNPATH_SEARCH_PATHS = (
					"$(inherited)",
					"@executable_path/Frameworks",
				);
				PRODUCT_BUNDLE_IDENTIFIER = jaemoo.CoreDataPlease;
				PRODUCT_NAME = "$(TARGET_NAME)";
				SWIFT_VERSION = 5.0;
				TARGETED_DEVICE_FAMILY = "1,2";
			};
			name = Debug;
		};
		CC1E603025A996B200C5D27F /* Release */ = {
			isa = XCBuildConfiguration;
			buildSettings = {
				ASSETCATALOG_COMPILER_APPICON_NAME = AppIcon;
				ASSETCATALOG_COMPILER_GLOBAL_ACCENT_COLOR_NAME = AccentColor;
				CODE_SIGN_STYLE = Automatic;
				DEVELOPMENT_TEAM = 86F3BYCLAK;
				INFOPLIST_FILE = CoreDataPlease/Info.plist;
				LD_RUNPATH_SEARCH_PATHS = (
					"$(inherited)",
					"@executable_path/Frameworks",
				);
				PRODUCT_BUNDLE_IDENTIFIER = jaemoo.CoreDataPlease;
				PRODUCT_NAME = "$(TARGET_NAME)";
				SWIFT_VERSION = 5.0;
				TARGETED_DEVICE_FAMILY = "1,2";
			};
			name = Release;
		};
/* End XCBuildConfiguration section */

/* Begin XCConfigurationList section */
		CC1E601225A996B100C5D27F /* Build configuration list for PBXProject "CoreDataPlease" */ = {
			isa = XCConfigurationList;
			buildConfigurations = (
				CC1E602C25A996B200C5D27F /* Debug */,
				CC1E602D25A996B200C5D27F /* Release */,
			);
			defaultConfigurationIsVisible = 0;
			defaultConfigurationName = Release;
		};
		CC1E602E25A996B200C5D27F /* Build configuration list for PBXNativeTarget "CoreDataPlease" */ = {
			isa = XCConfigurationList;
			buildConfigurations = (
				CC1E602F25A996B200C5D27F /* Debug */,
				CC1E603025A996B200C5D27F /* Release */,
			);
			defaultConfigurationIsVisible = 0;
			defaultConfigurationName = Release;
		};
/* End XCConfigurationList section */

/* Begin XCVersionGroup section */
		CC1E602325A996B100C5D27F /* CoreDataPlease.xcdatamodeld */ = {
			isa = XCVersionGroup;
			children = (
				CC1E602425A996B100C5D27F /* CoreDataPlease.xcdatamodel */,
			);
			currentVersion = CC1E602425A996B100C5D27F /* CoreDataPlease.xcdatamodel */;
			path = CoreDataPlease.xcdatamodeld;
			sourceTree = "<group>";
			versionGroupType = wrapper.xcdatamodel;
		};
/* End XCVersionGroup section */
	};
	rootObject = CC1E600F25A996B100C5D27F /* Project object */;
}
