PODS:
  - FSCalendar (2.8.2)
  - Realm (10.20.1):
    - Realm/Headers (= 10.20.1)
  - Realm/Headers (10.20.1)
  - RealmSwift (10.20.1):
    - Realm (= 10.20.1)

DEPENDENCIES:
  - FSCalendar
  - RealmSwift

SPEC REPOS:
  trunk:
    - FSCalendar
    - Realm
    - RealmSwift

SPEC CHECKSUMS:
  FSCalendar: e6a2eb9c571bf0719ed797ef807e08426753c241
  Realm: fac5ecd031fcb81171627b74944c885662d4b266
  RealmSwift: 9b02d25acb46a14756bde9893abb99e2e3675923

PODFILE CHECKSUM: 88ae6b482dd7461cddc242989a60c4f743c8129b

COCOAPODS: 1.11.2
